# THIS IS AN AUTOGENERATED FILE. DO NOT EDIT THIS FILE DIRECTLY.
# yarn lockfile v1


bootstrap-sass@3.4.1:
  version "3.4.1"
  resolved "https://registry.yarnpkg.com/bootstrap-sass/-/bootstrap-sass-3.4.1.tgz#6843c73b1c258a0ac5cb2cc6f6f5285b664a8e9a"
  integrity sha512-p5rxsK/IyEDQm2CwiHxxUi0MZZtvVFbhWmyMOt4lLkA4bujDA1TGoKT0i1FKIWiugAdP+kK8T5KMDFIKQCLYIA==

jquery-validation@1.19.0:
  version "1.19.0"
  resolved "https://registry.yarnpkg.com/jquery-validation/-/jquery-validation-1.19.0.tgz#0fedf0c0483a030c4fff072398898ac18cfd6e40"
  integrity sha512-i1ygcs9K9eI0jqQ8fiOZdT0Ofw941YII1zyPQDUkBS8t2G8SoSWz8UUEVT6gV1KvsaBbovtL8YxjLALACR0syQ==
  dependencies:
    jquery "^1.7 || ^2.0 || ^3.1"

"jquery@^1.7 || ^2.0 || ^3.1":
  version "3.4.1"
  resolved "https://registry.yarnpkg.com/jquery/-/jquery-3.4.1.tgz#714f1f8d9dde4bdfa55764ba37ef214630d80ef2"
  integrity sha512-36+AdBzCL+y6qjw5Tx7HgzeGCzC81MDDgaUP8ld2zhx58HdqXGoBd+tHdrBMiyjGQs0Hxs/MLZTu/eHNJJuWPw==
